
Microsoft Visual Studio Solution File, Format Version 12.00
# Visual Studio 15
VisualStudioVersion = 15.0.27004.2002
MinimumVisualStudioVersion = 10.0.40219.1
Project("{FAE04EC0-301F-11D3-BF4B-00C04F79EFBC}") = "FIZZBUZZ TDD TEST", "FIZZBUZZ TDD TEST\FIZZBUZZ TDD TEST.csproj", "{C58EE1C4-71C7-4E5E-B467-B6257A34EDDE}"
EndProject
Project("{FAE04EC0-301F-11D3-BF4B-00C04F79EFBC}") = "FIZZBUZZ TDD", "FIZZBUZZ TDD\FIZZBUZZ TDD.csproj", "{CDF41020-AAE9-4F95-8A93-1B2C846BD694}"
EndProject
Global
	GlobalSection(SolutionConfigurationPlatforms) = preSolution
		Debug|Any CPU = Debug|Any CPU
		Release|Any CPU = Release|Any CPU
	EndGlobalSection
	GlobalSection(ProjectConfigurationPlatforms) = postSolution
		{C58EE1C4-71C7-4E5E-B467-B6257A34EDDE}.Debug|Any CPU.ActiveCfg = Debug|Any CPU
		{C58EE1C4-71C7-4E5E-B467-B6257A34EDDE}.Debug|Any CPU.Build.0 = Debug|Any CPU
		{C58EE1C4-71C7-4E5E-B467-B6257A34EDDE}.Release|Any CPU.ActiveCfg = Release|Any CPU
		{C58EE1C4-71C7-4E5E-B467-B6257A34EDDE}.Release|Any CPU.Build.0 = Release|Any CPU
		{CDF41020-AAE9-4F95-8A93-1B2C846BD694}.Debug|Any CPU.ActiveCfg = Debug|Any CPU
		{CDF41020-AAE9-4F95-8A93-1B2C846BD694}.Debug|Any CPU.Build.0 = Debug|Any CPU
		{CDF41020-AAE9-4F95-8A93-1B2C846BD694}.Release|Any CPU.ActiveCfg = Release|Any CPU
		{CDF41020-AAE9-4F95-8A93-1B2C846BD694}.Release|Any CPU.Build.0 = Release|Any CPU
	EndGlobalSection
	GlobalSection(SolutionProperties) = preSolution
		HideSolutionNode = FALSE
	EndGlobalSection
	GlobalSection(ExtensibilityGlobals) = postSolution
		SolutionGuid = {716F3A4E-9145-4396-8832-4E4D308C5861}
	EndGlobalSection
EndGlobal
