
Microsoft Visual Studio Solution File, Format Version 12.00
# Visual Studio 15
VisualStudioVersion = 15.0.27004.2002
MinimumVisualStudioVersion = 10.0.40219.1
Project("{FAE04EC0-301F-11D3-BF4B-00C04F79EFBC}") = "MyPricerLibrary", "MyPricerLibrary\MyPricerLibrary.csproj", "{3CBF4B17-703D-4764-B8BF-3C148EE210D0}"
EndProject
Project("{FAE04EC0-301F-11D3-BF4B-00C04F79EFBC}") = "ConsoleApp", "ConsoleApp\ConsoleApp.csproj", "{AA237353-F158-441A-86BA-BF5654829A87}"
EndProject
Project("{FAE04EC0-301F-11D3-BF4B-00C04F79EFBC}") = "MyPricerClient", "MyPricerClient\MyPricerClient.csproj", "{3E67446D-CCF6-48BB-800E-6C0AD8038E85}"
EndProject
Project("{FAE04EC0-301F-11D3-BF4B-00C04F79EFBC}") = "MyPricerLibrary.Test", "MyPricerLibrary.Test\MyPricerLibrary.Test.csproj", "{83912AF9-8809-4427-A33F-5E5AC81A5FB6}"
EndProject
Global
	GlobalSection(SolutionConfigurationPlatforms) = preSolution
		Debug|Any CPU = Debug|Any CPU
		Release|Any CPU = Release|Any CPU
	EndGlobalSection
	GlobalSection(ProjectConfigurationPlatforms) = postSolution
		{3CBF4B17-703D-4764-B8BF-3C148EE210D0}.Debug|Any CPU.ActiveCfg = Debug|Any CPU
		{3CBF4B17-703D-4764-B8BF-3C148EE210D0}.Debug|Any CPU.Build.0 = Debug|Any CPU
		{3CBF4B17-703D-4764-B8BF-3C148EE210D0}.Release|Any CPU.ActiveCfg = Release|Any CPU
		{3CBF4B17-703D-4764-B8BF-3C148EE210D0}.Release|Any CPU.Build.0 = Release|Any CPU
		{AA237353-F158-441A-86BA-BF5654829A87}.Debug|Any CPU.ActiveCfg = Debug|Any CPU
		{AA237353-F158-441A-86BA-BF5654829A87}.Debug|Any CPU.Build.0 = Debug|Any CPU
		{AA237353-F158-441A-86BA-BF5654829A87}.Release|Any CPU.ActiveCfg = Release|Any CPU
		{AA237353-F158-441A-86BA-BF5654829A87}.Release|Any CPU.Build.0 = Release|Any CPU
		{3E67446D-CCF6-48BB-800E-6C0AD8038E85}.Debug|Any CPU.ActiveCfg = Debug|Any CPU
		{3E67446D-CCF6-48BB-800E-6C0AD8038E85}.Debug|Any CPU.Build.0 = Debug|Any CPU
		{3E67446D-CCF6-48BB-800E-6C0AD8038E85}.Release|Any CPU.ActiveCfg = Release|Any CPU
		{3E67446D-CCF6-48BB-800E-6C0AD8038E85}.Release|Any CPU.Build.0 = Release|Any CPU
		{83912AF9-8809-4427-A33F-5E5AC81A5FB6}.Debug|Any CPU.ActiveCfg = Debug|Any CPU
		{83912AF9-8809-4427-A33F-5E5AC81A5FB6}.Debug|Any CPU.Build.0 = Debug|Any CPU
		{83912AF9-8809-4427-A33F-5E5AC81A5FB6}.Release|Any CPU.ActiveCfg = Release|Any CPU
		{83912AF9-8809-4427-A33F-5E5AC81A5FB6}.Release|Any CPU.Build.0 = Release|Any CPU
	EndGlobalSection
	GlobalSection(SolutionProperties) = preSolution
		HideSolutionNode = FALSE
	EndGlobalSection
	GlobalSection(ExtensibilityGlobals) = postSolution
		SolutionGuid = {109BBF06-C622-4197-AE13-624394DB01C1}
	EndGlobalSection
EndGlobal
