
Microsoft Visual Studio Solution File, Format Version 12.00
# Visual Studio 15
VisualStudioVersion = 15.0.27004.2002
MinimumVisualStudioVersion = 10.0.40219.1
Project("{FAE04EC0-301F-11D3-BF4B-00C04F79EFBC}") = "ConsoleApp", "ConsoleApp\ConsoleApp.csproj", "{21092AB7-254B-491E-B7D2-8A4009295851}"
EndProject
Project("{FAE04EC0-301F-11D3-BF4B-00C04F79EFBC}") = "UnitTestConsoleApp", "UnitTestConsoleApp\UnitTestConsoleApp.csproj", "{2C4511DE-272B-45C9-B5FE-5575273ABECB}"
EndProject
Global
	GlobalSection(SolutionConfigurationPlatforms) = preSolution
		Debug|Any CPU = Debug|Any CPU
		Release|Any CPU = Release|Any CPU
	EndGlobalSection
	GlobalSection(ProjectConfigurationPlatforms) = postSolution
		{21092AB7-254B-491E-B7D2-8A4009295851}.Debug|Any CPU.ActiveCfg = Debug|Any CPU
		{21092AB7-254B-491E-B7D2-8A4009295851}.Debug|Any CPU.Build.0 = Debug|Any CPU
		{21092AB7-254B-491E-B7D2-8A4009295851}.Release|Any CPU.ActiveCfg = Release|Any CPU
		{21092AB7-254B-491E-B7D2-8A4009295851}.Release|Any CPU.Build.0 = Release|Any CPU
		{2C4511DE-272B-45C9-B5FE-5575273ABECB}.Debug|Any CPU.ActiveCfg = Debug|Any CPU
		{2C4511DE-272B-45C9-B5FE-5575273ABECB}.Debug|Any CPU.Build.0 = Debug|Any CPU
		{2C4511DE-272B-45C9-B5FE-5575273ABECB}.Release|Any CPU.ActiveCfg = Release|Any CPU
		{2C4511DE-272B-45C9-B5FE-5575273ABECB}.Release|Any CPU.Build.0 = Release|Any CPU
	EndGlobalSection
	GlobalSection(SolutionProperties) = preSolution
		HideSolutionNode = FALSE
	EndGlobalSection
	GlobalSection(ExtensibilityGlobals) = postSolution
		SolutionGuid = {4FE307ED-8CAB-44E5-BFC1-E68FAF3B2B65}
	EndGlobalSection
EndGlobal
